
Microsoft Visual Studio Solution File, Format Version 12.00
# Visual Studio Version 17
VisualStudioVersion = 17.14.36616.10 d17.14
MinimumVisualStudioVersion = 10.0.40219.1
Project("{FAE04EC0-301F-11D3-BF4B-00C04F79EFBC}") = "JTT", "JTT\JTT.csproj", "{8FDB2E08-AE17-4EEA-A9FE-E7B3BF5E78BA}"
EndProject
Global
	GlobalSection(SolutionConfigurationPlatforms) = preSolution
		Debug|Any CPU = Debug|Any CPU
		Release|Any CPU = Release|Any CPU
	EndGlobalSection
	GlobalSection(ProjectConfigurationPlatforms) = postSolution
		{8FDB2E08-AE17-4EEA-A9FE-E7B3BF5E78BA}.Debug|Any CPU.ActiveCfg = Debug|Any CPU
		{8FDB2E08-AE17-4EEA-A9FE-E7B3BF5E78BA}.Debug|Any CPU.Build.0 = Debug|Any CPU
		{8FDB2E08-AE17-4EEA-A9FE-E7B3BF5E78BA}.Release|Any CPU.ActiveCfg = Release|Any CPU
		{8FDB2E08-AE17-4EEA-A9FE-E7B3BF5E78BA}.Release|Any CPU.Build.0 = Release|Any CPU
	EndGlobalSection
	GlobalSection(SolutionProperties) = preSolution
		HideSolutionNode = FALSE
	EndGlobalSection
	GlobalSection(ExtensibilityGlobals) = postSolution
		SolutionGuid = {BB48A586-A26D-45D3-8C0C-8ED7628D6DA4}
	EndGlobalSection
EndGlobal
